// !$*UTF8*$!
{
	archiveVersion = 1;
	classes = {
	};
	objectVersion = 46;
	objects = {

/* Begin PBXBuildFile section */
		FA19C18E1B66E2AF0094A656 /* AppDelegate.swift in Sources */ = {isa = PBXBuildFile; fileRef = FA19C18D1B66E2AF0094A656 /* AppDelegate.swift */; };
		FA19C1901B66E2AF0094A656 /* ViewController.swift in Sources */ = {isa = PBXBuildFile; fileRef = FA19C18F1B66E2AF0094A656 /* ViewController.swift */; };
		FA19C1931B66E2AF0094A656 /* Main.storyboard in Resources */ = {isa = PBXBuildFile; fileRef = FA19C1911B66E2AF0094A656 /* Main.storyboard */; };
		FA19C1951B66E2AF0094A656 /* Images.xcassets in Resources */ = {isa = PBXBuildFile; fileRef = FA19C1941B66E2AF0094A656 /* Images.xcassets */; };
		FA19C1981B66E2AF0094A656 /* LaunchScreen.xib in Resources */ = {isa = PBXBuildFile; fileRef = FA19C1961B66E2AF0094A656 /* LaunchScreen.xib */; };
		FA19C1A41B66E2AF0094A656 /* Wrong_EmojiTests.swift in Sources */ = {isa = PBXBuildFile; fileRef = FA19C1A31B66E2AF0094A656 /* Wrong_EmojiTests.swift */; };
		FA19C1B61B66E3E30094A656 /* KeyboardViewController.swift in Sources */ = {isa = PBXBuildFile; fileRef = FA19C1B51B66E3E30094A656 /* KeyboardViewController.swift */; };
		FA19C1B91B66E3E30094A656 /* Wrong Emoji Keyboard.appex in Embed App Extensions */ = {isa = PBXBuildFile; fileRef = FA19C1B11B66E3E30094A656 /* Wrong Emoji Keyboard.appex */; settings = {ATTRIBUTES = (RemoveHeadersOnCopy, ); }; };
		FA19C1BF1B66E4770094A656 /* KeyboardView.xib in Resources */ = {isa = PBXBuildFile; fileRef = FA19C1BE1B66E4770094A656 /* KeyboardView.xib */; };
		FA6096241BB3671300CA468F /* KeyboardViewController.swift in Sources */ = {isa = PBXBuildFile; fileRef = FA19C1B51B66E3E30094A656 /* KeyboardViewController.swift */; };
/* End PBXBuildFile section */

/* Begin PBXContainerItemProxy section */
		FA19C19E1B66E2AF0094A656 /* PBXContainerItemProxy */ = {
			isa = PBXContainerItemProxy;
			containerPortal = FA19C1801B66E2AF0094A656 /* Project object */;
			proxyType = 1;
			remoteGlobalIDString = FA19C1871B66E2AF0094A656;
			remoteInfo = "Wrong Emoji";
		};
		FA19C1B71B66E3E30094A656 /* PBXContainerItemProxy */ = {
			isa = PBXContainerItemProxy;
			containerPortal = FA19C1801B66E2AF0094A656 /* Project object */;
			proxyType = 1;
			remoteGlobalIDString = FA19C1B01B66E3E30094A656;
			remoteInfo = "Wrong Emoji Keyboard";
		};
/* End PBXContainerItemProxy section */

/* Begin PBXCopyFilesBuildPhase section */
		FA19C1BD1B66E3E40094A656 /* Embed App Extensions */ = {
			isa = PBXCopyFilesBuildPhase;
			buildActionMask = 2147483647;
			dstPath = "";
			dstSubfolderSpec = 13;
			files = (
				FA19C1B91B66E3E30094A656 /* Wrong Emoji Keyboard.appex in Embed App Extensions */,
			);
			name = "Embed App Extensions";
			runOnlyForDeploymentPostprocessing = 0;
		};
/* End PBXCopyFilesBuildPhase section */

/* Begin PBXFileReference section */
		FA19C1881B66E2AF0094A656 /* Wrong Emoji.app */ = {isa = PBXFileReference; explicitFileType = wrapper.application; includeInIndex = 0; path = "Wrong Emoji.app"; sourceTree = BUILT_PRODUCTS_DIR; };
		FA19C18C1B66E2AF0094A656 /* Info.plist */ = {isa = PBXFileReference; lastKnownFileType = text.plist.xml; path = Info.plist; sourceTree = "<group>"; };
		FA19C18D1B66E2AF0094A656 /* AppDelegate.swift */ = {isa = PBXFileReference; lastKnownFileType = sourcecode.swift; path = AppDelegate.swift; sourceTree = "<group>"; };
		FA19C18F1B66E2AF0094A656 /* ViewController.swift */ = {isa = PBXFileReference; lastKnownFileType = sourcecode.swift; path = ViewController.swift; sourceTree = "<group>"; };
		FA19C1921B66E2AF0094A656 /* Base */ = {isa = PBXFileReference; lastKnownFileType = file.storyboard; name = Base; path = Base.lproj/Main.storyboard; sourceTree = "<group>"; };
		FA19C1941B66E2AF0094A656 /* Images.xcassets */ = {isa = PBXFileReference; lastKnownFileType = folder.assetcatalog; path = Images.xcassets; sourceTree = "<group>"; };
		FA19C1971B66E2AF0094A656 /* Base */ = {isa = PBXFileReference; lastKnownFileType = file.xib; name = Base; path = Base.lproj/LaunchScreen.xib; sourceTree = "<group>"; };
		FA19C19D1B66E2AF0094A656 /* Wrong EmojiTests.xctest */ = {isa = PBXFileReference; explicitFileType = wrapper.cfbundle; includeInIndex = 0; path = "Wrong EmojiTests.xctest"; sourceTree = BUILT_PRODUCTS_DIR; };
		FA19C1A21B66E2AF0094A656 /* Info.plist */ = {isa = PBXFileReference; lastKnownFileType = text.plist.xml; path = Info.plist; sourceTree = "<group>"; };
		FA19C1A31B66E2AF0094A656 /* Wrong_EmojiTests.swift */ = {isa = PBXFileReference; lastKnownFileType = sourcecode.swift; path = Wrong_EmojiTests.swift; sourceTree = "<group>"; };
		FA19C1B11B66E3E30094A656 /* Wrong Emoji Keyboard.appex */ = {isa = PBXFileReference; explicitFileType = "wrapper.app-extension"; includeInIndex = 0; path = "Wrong Emoji Keyboard.appex"; sourceTree = BUILT_PRODUCTS_DIR; };
		FA19C1B41B66E3E30094A656 /* Info.plist */ = {isa = PBXFileReference; lastKnownFileType = text.plist.xml; path = Info.plist; sourceTree = "<group>"; };
		FA19C1B51B66E3E30094A656 /* KeyboardViewController.swift */ = {isa = PBXFileReference; lastKnownFileType = sourcecode.swift; path = KeyboardViewController.swift; sourceTree = "<group>"; };
		FA19C1BE1B66E4770094A656 /* KeyboardView.xib */ = {isa = PBXFileReference; fileEncoding = 4; lastKnownFileType = file.xib; path = KeyboardView.xib; sourceTree = "<group>"; };
/* End PBXFileReference section */

/* Begin PBXFrameworksBuildPhase section */
		FA19C1851B66E2AF0094A656 /* Frameworks */ = {
			isa = PBXFrameworksBuildPhase;
			buildActionMask = 2147483647;
			files = (
			);
			runOnlyForDeploymentPostprocessing = 0;
		};
		FA19C19A1B66E2AF0094A656 /* Frameworks */ = {
			isa = PBXFrameworksBuildPhase;
			buildActionMask = 2147483647;
			files = (
			);
			runOnlyForDeploymentPostprocessing = 0;
		};
		FA19C1AE1B66E3E30094A656 /* Frameworks */ = {
			isa = PBXFrameworksBuildPhase;
			buildActionMask = 2147483647;
			files = (
			);
			runOnlyForDeploymentPostprocessing = 0;
		};
/* End PBXFrameworksBuildPhase section */

/* Begin PBXGroup section */
		FA19C17F1B66E2AF0094A656 = {
			isa = PBXGroup;
			children = (
				FA19C18A1B66E2AF0094A656 /* Wrong Emoji */,
				FA19C1A01B66E2AF0094A656 /* Wrong EmojiTests */,
				FA19C1B21B66E3E30094A656 /* Wrong Emoji Keyboard */,
				FA19C1891B66E2AF0094A656 /* Products */,
			);
			sourceTree = "<group>";
		};
		FA19C1891B66E2AF0094A656 /* Products */ = {
			isa = PBXGroup;
			children = (
				FA19C1881B66E2AF0094A656 /* Wrong Emoji.app */,
				FA19C19D1B66E2AF0094A656 /* Wrong EmojiTests.xctest */,
				FA19C1B11B66E3E30094A656 /* Wrong Emoji Keyboard.appex */,
			);
			name = Products;
			sourceTree = "<group>";
		};
		FA19C18A1B66E2AF0094A656 /* Wrong Emoji */ = {
			isa = PBXGroup;
			children = (
				FA19C18D1B66E2AF0094A656 /* AppDelegate.swift */,
				FA19C18F1B66E2AF0094A656 /* ViewController.swift */,
				FA19C1911B66E2AF0094A656 /* Main.storyboard */,
				FA19C1941B66E2AF0094A656 /* Images.xcassets */,
				FA19C1961B66E2AF0094A656 /* LaunchScreen.xib */,
				FA19C18B1B66E2AF0094A656 /* Supporting Files */,
			);
			path = "Wrong Emoji";
			sourceTree = "<group>";
		};
		FA19C18B1B66E2AF0094A656 /* Supporting Files */ = {
			isa = PBXGroup;
			children = (
				FA19C18C1B66E2AF0094A656 /* Info.plist */,
			);
			name = "Supporting Files";
			sourceTree = "<group>";
		};
		FA19C1A01B66E2AF0094A656 /* Wrong EmojiTests */ = {
			isa = PBXGroup;
			children = (
				FA19C1A31B66E2AF0094A656 /* Wrong_EmojiTests.swift */,
				FA19C1A11B66E2AF0094A656 /* Supporting Files */,
			);
			path = "Wrong EmojiTests";
			sourceTree = "<group>";
		};
		FA19C1A11B66E2AF0094A656 /* Supporting Files */ = {
			isa = PBXGroup;
			children = (
				FA19C1A21B66E2AF0094A656 /* Info.plist */,
			);
			name = "Supporting Files";
			sourceTree = "<group>";
		};
		FA19C1B21B66E3E30094A656 /* Wrong Emoji Keyboard */ = {
			isa = PBXGroup;
			children = (
				FA19C1B51B66E3E30094A656 /* KeyboardViewController.swift */,
				FA19C1B31B66E3E30094A656 /* Supporting Files */,
			);
			path = "Wrong Emoji Keyboard";
			sourceTree = "<group>";
		};
		FA19C1B31B66E3E30094A656 /* Supporting Files */ = {
			isa = PBXGroup;
			children = (
				FA19C1BE1B66E4770094A656 /* KeyboardView.xib */,
				FA19C1B41B66E3E30094A656 /* Info.plist */,
			);
			name = "Supporting Files";
			sourceTree = "<group>";
		};
/* End PBXGroup section */

/* Begin PBXNativeTarget section */
		FA19C1871B66E2AF0094A656 /* Wrong Emoji */ = {
			isa = PBXNativeTarget;
			buildConfigurationList = FA19C1A71B66E2AF0094A656 /* Build configuration list for PBXNativeTarget "Wrong Emoji" */;
			buildPhases = (
				FA19C1841B66E2AF0094A656 /* Sources */,
				FA19C1851B66E2AF0094A656 /* Frameworks */,
				FA19C1861B66E2AF0094A656 /* Resources */,
				FA19C1BD1B66E3E40094A656 /* Embed App Extensions */,
			);
			buildRules = (
			);
			dependencies = (
				FA19C1B81B66E3E30094A656 /* PBXTargetDependency */,
			);
			name = "Wrong Emoji";
			productName = "Wrong Emoji";
			productReference = FA19C1881B66E2AF0094A656 /* Wrong Emoji.app */;
			productType = "com.apple.product-type.application";
		};
		FA19C19C1B66E2AF0094A656 /* Wrong EmojiTests */ = {
			isa = PBXNativeTarget;
			buildConfigurationList = FA19C1AA1B66E2AF0094A656 /* Build configuration list for PBXNativeTarget "Wrong EmojiTests" */;
			buildPhases = (
				FA19C1991B66E2AF0094A656 /* Sources */,
				FA19C19A1B66E2AF0094A656 /* Frameworks */,
				FA19C19B1B66E2AF0094A656 /* Resources */,
			);
			buildRules = (
			);
			dependencies = (
				FA19C19F1B66E2AF0094A656 /* PBXTargetDependency */,
			);
			name = "Wrong EmojiTests";
			productName = "Wrong EmojiTests";
			productReference = FA19C19D1B66E2AF0094A656 /* Wrong EmojiTests.xctest */;
			productType = "com.apple.product-type.bundle.unit-test";
		};
		FA19C1B01B66E3E30094A656 /* Wrong Emoji Keyboard */ = {
			isa = PBXNativeTarget;
			buildConfigurationList = FA19C1BA1B66E3E40094A656 /* Build configuration list for PBXNativeTarget "Wrong Emoji Keyboard" */;
			buildPhases = (
				FA19C1AD1B66E3E30094A656 /* Sources */,
				FA19C1AE1B66E3E30094A656 /* Frameworks */,
				FA19C1AF1B66E3E30094A656 /* Resources */,
			);
			buildRules = (
			);
			dependencies = (
			);
			name = "Wrong Emoji Keyboard";
			productName = "Wrong Emoji Keyboard";
			productReference = FA19C1B11B66E3E30094A656 /* Wrong Emoji Keyboard.appex */;
			productType = "com.apple.product-type.app-extension";
		};
/* End PBXNativeTarget section */

/* Begin PBXProject section */
		FA19C1801B66E2AF0094A656 /* Project object */ = {
			isa = PBXProject;
			attributes = {
				LastSwiftMigration = 0700;
				LastSwiftUpdateCheck = 0700;
				LastUpgradeCheck = 0630;
				ORGANIZATIONNAME = "Jared Allen";
				TargetAttributes = {
					FA19C1871B66E2AF0094A656 = {
						CreatedOnToolsVersion = 6.3.1;
					};
					FA19C19C1B66E2AF0094A656 = {
						CreatedOnToolsVersion = 6.3.1;
						TestTargetID = FA19C1871B66E2AF0094A656;
					};
					FA19C1B01B66E3E30094A656 = {
						CreatedOnToolsVersion = 6.3.1;
					};
				};
			};
			buildConfigurationList = FA19C1831B66E2AF0094A656 /* Build configuration list for PBXProject "Wrong Emoji" */;
			compatibilityVersion = "Xcode 3.2";
			developmentRegion = English;
			hasScannedForEncodings = 0;
			knownRegions = (
				en,
				Base,
			);
			mainGroup = FA19C17F1B66E2AF0094A656;
			productRefGroup = FA19C1891B66E2AF0094A656 /* Products */;
			projectDirPath = "";
			projectRoot = "";
			targets = (
				FA19C1871B66E2AF0094A656 /* Wrong Emoji */,
				FA19C19C1B66E2AF0094A656 /* Wrong EmojiTests */,
				FA19C1B01B66E3E30094A656 /* Wrong Emoji Keyboard */,
			);
		};
/* End PBXProject section */

/* Begin PBXResourcesBuildPhase section */
		FA19C1861B66E2AF0094A656 /* Resources */ = {
			isa = PBXResourcesBuildPhase;
			buildActionMask = 2147483647;
			files = (
				FA19C1931B66E2AF0094A656 /* Main.storyboard in Resources */,
				FA19C1981B66E2AF0094A656 /* LaunchScreen.xib in Resources */,
				FA19C1951B66E2AF0094A656 /* Images.xcassets in Resources */,
			);
			runOnlyForDeploymentPostprocessing = 0;
		};
		FA19C19B1B66E2AF0094A656 /* Resources */ = {
			isa = PBXResourcesBuildPhase;
			buildActionMask = 2147483647;
			files = (
			);
			runOnlyForDeploymentPostprocessing = 0;
		};
		FA19C1AF1B66E3E30094A656 /* Resources */ = {
			isa = PBXResourcesBuildPhase;
			buildActionMask = 2147483647;
			files = (
				FA19C1BF1B66E4770094A656 /* KeyboardView.xib in Resources */,
			);
			runOnlyForDeploymentPostprocessing = 0;
		};
/* End PBXResourcesBuildPhase section */

/* Begin PBXSourcesBuildPhase section */
		FA19C1841B66E2AF0094A656 /* Sources */ = {
			isa = PBXSourcesBuildPhase;
			buildActionMask = 2147483647;
			files = (
				FA19C1901B66E2AF0094A656 /* ViewController.swift in Sources */,
				FA6096241BB3671300CA468F /* KeyboardViewController.swift in Sources */,
				FA19C18E1B66E2AF0094A656 /* AppDelegate.swift in Sources */,
			);
			runOnlyForDeploymentPostprocessing = 0;
		};
		FA19C1991B66E2AF0094A656 /* Sources */ = {
			isa = PBXSourcesBuildPhase;
			buildActionMask = 2147483647;
			files = (
				FA19C1A41B66E2AF0094A656 /* Wrong_EmojiTests.swift in Sources */,
			);
			runOnlyForDeploymentPostprocessing = 0;
		};
		FA19C1AD1B66E3E30094A656 /* Sources */ = {
			isa = PBXSourcesBuildPhase;
			buildActionMask = 2147483647;
			files = (
				FA19C1B61B66E3E30094A656 /* KeyboardViewController.swift in Sources */,
			);
			runOnlyForDeploymentPostprocessing = 0;
		};
/* End PBXSourcesBuildPhase section */

/* Begin PBXTargetDependency section */
		FA19C19F1B66E2AF0094A656 /* PBXTargetDependency */ = {
			isa = PBXTargetDependency;
			target = FA19C1871B66E2AF0094A656 /* Wrong Emoji */;
			targetProxy = FA19C19E1B66E2AF0094A656 /* PBXContainerItemProxy */;
		};
		FA19C1B81B66E3E30094A656 /* PBXTargetDependency */ = {
			isa = PBXTargetDependency;
			target = FA19C1B01B66E3E30094A656 /* Wrong Emoji Keyboard */;
			targetProxy = FA19C1B71B66E3E30094A656 /* PBXContainerItemProxy */;
		};
/* End PBXTargetDependency section */

/* Begin PBXVariantGroup section */
		FA19C1911B66E2AF0094A656 /* Main.storyboard */ = {
			isa = PBXVariantGroup;
			children = (
				FA19C1921B66E2AF0094A656 /* Base */,
			);
			name = Main.storyboard;
			sourceTree = "<group>";
		};
		FA19C1961B66E2AF0094A656 /* LaunchScreen.xib */ = {
			isa = PBXVariantGroup;
			children = (
				FA19C1971B66E2AF0094A656 /* Base */,
			);
			name = LaunchScreen.xib;
			sourceTree = "<group>";
		};
/* End PBXVariantGroup section */

/* Begin XCBuildConfiguration section */
		FA19C1A51B66E2AF0094A656 /* Debug */ = {
			isa = XCBuildConfiguration;
			buildSettings = {
				ALWAYS_SEARCH_USER_PATHS = NO;
				CLANG_CXX_LANGUAGE_STANDARD = "gnu++0x";
				CLANG_CXX_LIBRARY = "libc++";
				CLANG_ENABLE_MODULES = YES;
				CLANG_ENABLE_OBJC_ARC = YES;
				CLANG_WARN_BOOL_CONVERSION = YES;
				CLANG_WARN_CONSTANT_CONVERSION = YES;
				CLANG_WARN_DIRECT_OBJC_ISA_USAGE = YES_ERROR;
				CLANG_WARN_EMPTY_BODY = YES;
				CLANG_WARN_ENUM_CONVERSION = YES;
				CLANG_WARN_INT_CONVERSION = YES;
				CLANG_WARN_OBJC_ROOT_CLASS = YES_ERROR;
				CLANG_WARN_UNREACHABLE_CODE = YES;
				CLANG_WARN__DUPLICATE_METHOD_MATCH = YES;
				"CODE_SIGN_IDENTITY[sdk=iphoneos*]" = "iPhone Developer";
				COPY_PHASE_STRIP = NO;
				DEBUG_INFORMATION_FORMAT = "dwarf-with-dsym";
				ENABLE_STRICT_OBJC_MSGSEND = YES;
				GCC_C_LANGUAGE_STANDARD = gnu99;
				GCC_DYNAMIC_NO_PIC = NO;
				GCC_NO_COMMON_BLOCKS = YES;
				GCC_OPTIMIZATION_LEVEL = 0;
				GCC_PREPROCESSOR_DEFINITIONS = (
					"DEBUG=1",
					"$(inherited)",
				);
				GCC_SYMBOLS_PRIVATE_EXTERN = NO;
				GCC_WARN_64_TO_32_BIT_CONVERSION = YES;
				GCC_WARN_ABOUT_RETURN_TYPE = YES_ERROR;
				GCC_WARN_UNDECLARED_SELECTOR = YES;
				GCC_WARN_UNINITIALIZED_AUTOS = YES_AGGRESSIVE;
				GCC_WARN_UNUSED_FUNCTION = YES;
				GCC_WARN_UNUSED_VARIABLE = YES;
				IPHONEOS_DEPLOYMENT_TARGET = 8.3;
				MTL_ENABLE_DEBUG_INFO = YES;
				ONLY_ACTIVE_ARCH = YES;
				SDKROOT = iphoneos;
				SWIFT_OPTIMIZATION_LEVEL = "-Onone";
			};
			name = Debug;
		};
		FA19C1A61B66E2AF0094A656 /* Release */ = {
			isa = XCBuildConfiguration;
			buildSettings = {
				ALWAYS_SEARCH_USER_PATHS = NO;
				CLANG_CXX_LANGUAGE_STANDARD = "gnu++0x";
				CLANG_CXX_LIBRARY = "libc++";
				CLANG_ENABLE_MODULES = YES;
				CLANG_ENABLE_OBJC_ARC = YES;
				CLANG_WARN_BOOL_CONVERSION = YES;
				CLANG_WARN_CONSTANT_CONVERSION = YES;
				CLANG_WARN_DIRECT_OBJC_ISA_USAGE = YES_ERROR;
				CLANG_WARN_EMPTY_BODY = YES;
				CLANG_WARN_ENUM_CONVERSION = YES;
				CLANG_WARN_INT_CONVERSION = YES;
				CLANG_WARN_OBJC_ROOT_CLASS = YES_ERROR;
				CLANG_WARN_UNREACHABLE_CODE = YES;
				CLANG_WARN__DUPLICATE_METHOD_MATCH = YES;
				"CODE_SIGN_IDENTITY[sdk=iphoneos*]" = "iPhone Developer";
				COPY_PHASE_STRIP = NO;
				DEBUG_INFORMATION_FORMAT = "dwarf-with-dsym";
				ENABLE_NS_ASSERTIONS = NO;
				ENABLE_STRICT_OBJC_MSGSEND = YES;
				GCC_C_LANGUAGE_STANDARD = gnu99;
				GCC_NO_COMMON_BLOCKS = YES;
				GCC_WARN_64_TO_32_BIT_CONVERSION = YES;
				GCC_WARN_ABOUT_RETURN_TYPE = YES_ERROR;
				GCC_WARN_UNDECLARED_SELECTOR = YES;
				GCC_WARN_UNINITIALIZED_AUTOS = YES_AGGRESSIVE;
				GCC_WARN_UNUSED_FUNCTION = YES;
				GCC_WARN_UNUSED_VARIABLE = YES;
				IPHONEOS_DEPLOYMENT_TARGET = 8.3;
				MTL_ENABLE_DEBUG_INFO = NO;
				SDKROOT = iphoneos;
				VALIDATE_PRODUCT = YES;
			};
			name = Release;
		};
		FA19C1A81B66E2AF0094A656 /* Debug */ = {
			isa = XCBuildConfiguration;
			buildSettings = {
				ASSETCATALOG_COMPILER_APPICON_NAME = AppIcon;
				INFOPLIST_FILE = "Wrong Emoji/Info.plist";
				LD_RUNPATH_SEARCH_PATHS = "$(inherited) @executable_path/Frameworks";
				PRODUCT_NAME = "$(TARGET_NAME)";
			};
			name = Debug;
		};
		FA19C1A91B66E2AF0094A656 /* Release */ = {
			isa = XCBuildConfiguration;
			buildSettings = {
				ASSETCATALOG_COMPILER_APPICON_NAME = AppIcon;
				INFOPLIST_FILE = "Wrong Emoji/Info.plist";
				LD_RUNPATH_SEARCH_PATHS = "$(inherited) @executable_path/Frameworks";
				PRODUCT_NAME = "$(TARGET_NAME)";
			};
			name = Release;
		};
		FA19C1AB1B66E2AF0094A656 /* Debug */ = {
			isa = XCBuildConfiguration;
			buildSettings = {
				BUNDLE_LOADER = "$(TEST_HOST)";
				FRAMEWORK_SEARCH_PATHS = (
					"$(SDKROOT)/Developer/Library/Frameworks",
					"$(inherited)",
				);
				GCC_PREPROCESSOR_DEFINITIONS = (
					"DEBUG=1",
					"$(inherited)",
				);
				INFOPLIST_FILE = "Wrong EmojiTests/Info.plist";
				LD_RUNPATH_SEARCH_PATHS = "$(inherited) @executable_path/Frameworks @loader_path/Frameworks";
				PRODUCT_NAME = "$(TARGET_NAME)";
				TEST_HOST = "$(BUILT_PRODUCTS_DIR)/Wrong Emoji.app/Wrong Emoji";
			};
			name = Debug;
		};
		FA19C1AC1B66E2AF0094A656 /* Release */ = {
			isa = XCBuildConfiguration;
			buildSettings = {
				BUNDLE_LOADER = "$(TEST_HOST)";
				FRAMEWORK_SEARCH_PATHS = (
					"$(SDKROOT)/Developer/Library/Frameworks",
					"$(inherited)",
				);
				INFOPLIST_FILE = "Wrong EmojiTests/Info.plist";
				LD_RUNPATH_SEARCH_PATHS = "$(inherited) @executable_path/Frameworks @loader_path/Frameworks";
				PRODUCT_NAME = "$(TARGET_NAME)";
				TEST_HOST = "$(BUILT_PRODUCTS_DIR)/Wrong Emoji.app/Wrong Emoji";
			};
			name = Release;
		};
		FA19C1BB1B66E3E40094A656 /* Debug */ = {
			isa = XCBuildConfiguration;
			buildSettings = {
				CODE_SIGN_IDENTITY = "iPhone Developer";
				GCC_PREPROCESSOR_DEFINITIONS = (
					"DEBUG=1",
					"$(inherited)",
				);
				INFOPLIST_FILE = "Wrong Emoji Keyboard/Info.plist";
				LD_RUNPATH_SEARCH_PATHS = "$(inherited) @executable_path/Frameworks @executable_path/../../Frameworks";
				PRODUCT_NAME = "$(TARGET_NAME)";
				SKIP_INSTALL = YES;
			};
			name = Debug;
		};
		FA19C1BC1B66E3E40094A656 /* Release */ = {
			isa = XCBuildConfiguration;
			buildSettings = {
				CODE_SIGN_IDENTITY = "iPhone Developer";
				INFOPLIST_FILE = "Wrong Emoji Keyboard/Info.plist";
				LD_RUNPATH_SEARCH_PATHS = "$(inherited) @executable_path/Frameworks @executable_path/../../Frameworks";
				PRODUCT_NAME = "$(TARGET_NAME)";
				SKIP_INSTALL = YES;
			};
			name = Release;
		};
/* End XCBuildConfiguration section */

/* Begin XCConfigurationList section */
		FA19C1831B66E2AF0094A656 /* Build configuration list for PBXProject "Wrong Emoji" */ = {
			isa = XCConfigurationList;
			buildConfigurations = (
				FA19C1A51B66E2AF0094A656 /* Debug */,
				FA19C1A61B66E2AF0094A656 /* Release */,
			);
			defaultConfigurationIsVisible = 0;
			defaultConfigurationName = Release;
		};
		FA19C1A71B66E2AF0094A656 /* Build configuration list for PBXNativeTarget "Wrong Emoji" */ = {
			isa = XCConfigurationList;
			buildConfigurations = (
				FA19C1A81B66E2AF0094A656 /* Debug */,
				FA19C1A91B66E2AF0094A656 /* Release */,
			);
			defaultConfigurationIsVisible = 0;
			defaultConfigurationName = Release;
		};
		FA19C1AA1B66E2AF0094A656 /* Build configuration list for PBXNativeTarget "Wrong EmojiTests" */ = {
			isa = XCConfigurationList;
			buildConfigurations = (
				FA19C1AB1B66E2AF0094A656 /* Debug */,
				FA19C1AC1B66E2AF0094A656 /* Release */,
			);
			defaultConfigurationIsVisible = 0;
			defaultConfigurationName = Release;
		};
		FA19C1BA1B66E3E40094A656 /* Build configuration list for PBXNativeTarget "Wrong Emoji Keyboard" */ = {
			isa = XCConfigurationList;
			buildConfigurations = (
				FA19C1BB1B66E3E40094A656 /* Debug */,
				FA19C1BC1B66E3E40094A656 /* Release */,
			);
			defaultConfigurationIsVisible = 0;
			defaultConfigurationName = Release;
		};
/* End XCConfigurationList section */
	};
	rootObject = FA19C1801B66E2AF0094A656 /* Project object */;
}
